
Microsoft Visual Studio Solution File, Format Version 12.00
# Visual Studio Version 17
VisualStudioVersion = 17.10.35013.160
MinimumVisualStudioVersion = 10.0.40219.1
Project("{9A19103F-16F7-4668-BE54-9A1E7A4F7556}") = "SuperBike.Api", "src\SuperBike.Api\SuperBike.Api.csproj", "{23CFF23E-FA06-4584-9AB9-90C5A8B55311}"
EndProject
Project("{2150E333-8FDC-42A3-9474-1A3956D46DE8}") = "src", "src", "{42DE9686-6B70-4CE9-8B24-6FB6D3F158A4}"
EndProject
Project("{2150E333-8FDC-42A3-9474-1A3956D46DE8}") = "test", "test", "{1E79EEC7-C961-4F63-BBDE-F1A432C0EC91}"
EndProject
Project("{9A19103F-16F7-4668-BE54-9A1E7A4F7556}") = "SuperBike.Auth", "src\SuperBike.Auth\SuperBike.Auth.csproj", "{C571214A-F562-4FC3-868B-25657C03ADD5}"
EndProject
Project("{9A19103F-16F7-4668-BE54-9A1E7A4F7556}") = "SuperBike.Test", "test\SuperBike.Test\SuperBike.Test.csproj", "{6673FC6F-7D33-4A13-A567-1B41CB607A6E}"
EndProject
Project("{9A19103F-16F7-4668-BE54-9A1E7A4F7556}") = "SuperBike.Business", "src\SuperBike.Business\SuperBike.Business.csproj", "{2D37C193-6060-4A88-B942-C4353E6893CD}"
EndProject
Project("{9A19103F-16F7-4668-BE54-9A1E7A4F7556}") = "SuperBike.Infrastructure", "src\SuperBike.Infrastructure\SuperBike.Infrastructure.csproj", "{16DCA4E0-CE59-49D8-A81D-32BFCFBCEDDC}"
EndProject
Project("{9A19103F-16F7-4668-BE54-9A1E7A4F7556}") = "SuperBike.Domain", "src\SuperBike.Domain\SuperBike.Domain.csproj", "{8B7EB94A-70EF-411A-A19B-74A312ADDA80}"
EndProject
Project("{9A19103F-16F7-4668-BE54-9A1E7A4F7556}") = "SuperBike.Consumer", "src\SuperBike.Consumer\SuperBike.Consumer.csproj", "{BD7DEF7F-AA2E-46B9-A435-91829333929D}"
EndProject
Project("{FAE04EC0-301F-11D3-BF4B-00C04F79EFBC}") = "SuperBike.Api.FileStorage", "src\SuperBike.Api.FileStorage\SuperBike.Api.FileStorage.csproj", "{B7A62D8F-149E-44F2-AE02-45A10A30A537}"
EndProject
Global
	GlobalSection(SolutionConfigurationPlatforms) = preSolution
		Debug|Any CPU = Debug|Any CPU
		Release|Any CPU = Release|Any CPU
	EndGlobalSection
	GlobalSection(ProjectConfigurationPlatforms) = postSolution
		{23CFF23E-FA06-4584-9AB9-90C5A8B55311}.Debug|Any CPU.ActiveCfg = Debug|Any CPU
		{23CFF23E-FA06-4584-9AB9-90C5A8B55311}.Debug|Any CPU.Build.0 = Debug|Any CPU
		{23CFF23E-FA06-4584-9AB9-90C5A8B55311}.Release|Any CPU.ActiveCfg = Release|Any CPU
		{23CFF23E-FA06-4584-9AB9-90C5A8B55311}.Release|Any CPU.Build.0 = Release|Any CPU
		{C571214A-F562-4FC3-868B-25657C03ADD5}.Debug|Any CPU.ActiveCfg = Debug|Any CPU
		{C571214A-F562-4FC3-868B-25657C03ADD5}.Debug|Any CPU.Build.0 = Debug|Any CPU
		{C571214A-F562-4FC3-868B-25657C03ADD5}.Release|Any CPU.ActiveCfg = Release|Any CPU
		{C571214A-F562-4FC3-868B-25657C03ADD5}.Release|Any CPU.Build.0 = Release|Any CPU
		{6673FC6F-7D33-4A13-A567-1B41CB607A6E}.Debug|Any CPU.ActiveCfg = Debug|Any CPU
		{6673FC6F-7D33-4A13-A567-1B41CB607A6E}.Debug|Any CPU.Build.0 = Debug|Any CPU
		{6673FC6F-7D33-4A13-A567-1B41CB607A6E}.Release|Any CPU.ActiveCfg = Release|Any CPU
		{6673FC6F-7D33-4A13-A567-1B41CB607A6E}.Release|Any CPU.Build.0 = Release|Any CPU
		{2D37C193-6060-4A88-B942-C4353E6893CD}.Debug|Any CPU.ActiveCfg = Debug|Any CPU
		{2D37C193-6060-4A88-B942-C4353E6893CD}.Debug|Any CPU.Build.0 = Debug|Any CPU
		{2D37C193-6060-4A88-B942-C4353E6893CD}.Release|Any CPU.ActiveCfg = Release|Any CPU
		{2D37C193-6060-4A88-B942-C4353E6893CD}.Release|Any CPU.Build.0 = Release|Any CPU
		{16DCA4E0-CE59-49D8-A81D-32BFCFBCEDDC}.Debug|Any CPU.ActiveCfg = Debug|Any CPU
		{16DCA4E0-CE59-49D8-A81D-32BFCFBCEDDC}.Debug|Any CPU.Build.0 = Debug|Any CPU
		{16DCA4E0-CE59-49D8-A81D-32BFCFBCEDDC}.Release|Any CPU.ActiveCfg = Release|Any CPU
		{16DCA4E0-CE59-49D8-A81D-32BFCFBCEDDC}.Release|Any CPU.Build.0 = Release|Any CPU
		{8B7EB94A-70EF-411A-A19B-74A312ADDA80}.Debug|Any CPU.ActiveCfg = Debug|Any CPU
		{8B7EB94A-70EF-411A-A19B-74A312ADDA80}.Debug|Any CPU.Build.0 = Debug|Any CPU
		{8B7EB94A-70EF-411A-A19B-74A312ADDA80}.Release|Any CPU.ActiveCfg = Release|Any CPU
		{8B7EB94A-70EF-411A-A19B-74A312ADDA80}.Release|Any CPU.Build.0 = Release|Any CPU
		{BD7DEF7F-AA2E-46B9-A435-91829333929D}.Debug|Any CPU.ActiveCfg = Debug|Any CPU
		{BD7DEF7F-AA2E-46B9-A435-91829333929D}.Debug|Any CPU.Build.0 = Debug|Any CPU
		{BD7DEF7F-AA2E-46B9-A435-91829333929D}.Release|Any CPU.ActiveCfg = Release|Any CPU
		{BD7DEF7F-AA2E-46B9-A435-91829333929D}.Release|Any CPU.Build.0 = Release|Any CPU
		{B7A62D8F-149E-44F2-AE02-45A10A30A537}.Debug|Any CPU.ActiveCfg = Debug|Any CPU
		{B7A62D8F-149E-44F2-AE02-45A10A30A537}.Debug|Any CPU.Build.0 = Debug|Any CPU
		{B7A62D8F-149E-44F2-AE02-45A10A30A537}.Release|Any CPU.ActiveCfg = Release|Any CPU
		{B7A62D8F-149E-44F2-AE02-45A10A30A537}.Release|Any CPU.Build.0 = Release|Any CPU
	EndGlobalSection
	GlobalSection(SolutionProperties) = preSolution
		HideSolutionNode = FALSE
	EndGlobalSection
	GlobalSection(NestedProjects) = preSolution
		{23CFF23E-FA06-4584-9AB9-90C5A8B55311} = {42DE9686-6B70-4CE9-8B24-6FB6D3F158A4}
		{C571214A-F562-4FC3-868B-25657C03ADD5} = {42DE9686-6B70-4CE9-8B24-6FB6D3F158A4}
		{6673FC6F-7D33-4A13-A567-1B41CB607A6E} = {1E79EEC7-C961-4F63-BBDE-F1A432C0EC91}
		{2D37C193-6060-4A88-B942-C4353E6893CD} = {42DE9686-6B70-4CE9-8B24-6FB6D3F158A4}
		{16DCA4E0-CE59-49D8-A81D-32BFCFBCEDDC} = {42DE9686-6B70-4CE9-8B24-6FB6D3F158A4}
		{8B7EB94A-70EF-411A-A19B-74A312ADDA80} = {42DE9686-6B70-4CE9-8B24-6FB6D3F158A4}
		{BD7DEF7F-AA2E-46B9-A435-91829333929D} = {42DE9686-6B70-4CE9-8B24-6FB6D3F158A4}
		{B7A62D8F-149E-44F2-AE02-45A10A30A537} = {42DE9686-6B70-4CE9-8B24-6FB6D3F158A4}
	EndGlobalSection
	GlobalSection(ExtensibilityGlobals) = postSolution
		SolutionGuid = {4F0318D5-CE36-4BA3-A4E9-575AA7DAE02A}
	EndGlobalSection
EndGlobal
